
Microsoft Visual Studio Solution File, Format Version 12.00
# Visual Studio Version 16
VisualStudioVersion = 16.0.30621.155
MinimumVisualStudioVersion = 10.0.40219.1
Project("{F184B08F-C81C-45F6-A57F-5ABD9991F28F}") = "VBWebBrowse", "VBWebBrowse.vbproj", "{09F4150F-E91C-47F7-9B3D-6D481341E3D7}"
EndProject
Global
	GlobalSection(SolutionConfigurationPlatforms) = preSolution
		Debug|Any CPU = Debug|Any CPU
		Release|Any CPU = Release|Any CPU
	EndGlobalSection
	GlobalSection(ProjectConfigurationPlatforms) = postSolution
		{09F4150F-E91C-47F7-9B3D-6D481341E3D7}.Debug|Any CPU.ActiveCfg = Debug|Any CPU
		{09F4150F-E91C-47F7-9B3D-6D481341E3D7}.Debug|Any CPU.Build.0 = Debug|Any CPU
		{09F4150F-E91C-47F7-9B3D-6D481341E3D7}.Release|Any CPU.ActiveCfg = Release|Any CPU
		{09F4150F-E91C-47F7-9B3D-6D481341E3D7}.Release|Any CPU.Build.0 = Release|Any CPU
	EndGlobalSection
	GlobalSection(SolutionProperties) = preSolution
		HideSolutionNode = FALSE
	EndGlobalSection
	GlobalSection(ExtensibilityGlobals) = postSolution
		SolutionGuid = {0C25C7E0-45F2-46CF-9199-5AD09B2EEE7D}
	EndGlobalSection
EndGlobal
